
Microsoft Visual Studio Solution File, Format Version 12.00
# Visual Studio Version 16
VisualStudioVersion = 16.0.29025.244
MinimumVisualStudioVersion = 10.0.40219.1
Project("{FAE04EC0-301F-11D3-BF4B-00C04F79EFBC}") = "Book-Test", "Book-Test\Book-Test.csproj", "{FDBAA993-375C-43F4-BCE3-1831AC2E48AA}"
EndProject
Project("{FAE04EC0-301F-11D3-BF4B-00C04F79EFBC}") = "BookNUnitTest", "BookNUnitTest\BookNUnitTest.csproj", "{D72A9A4E-B99F-4641-B530-F2A83C3030F6}"
EndProject
Global
	GlobalSection(SolutionConfigurationPlatforms) = preSolution
		Debug|Any CPU = Debug|Any CPU
		Release|Any CPU = Release|Any CPU
	EndGlobalSection
	GlobalSection(ProjectConfigurationPlatforms) = postSolution
		{FDBAA993-375C-43F4-BCE3-1831AC2E48AA}.Debug|Any CPU.ActiveCfg = Debug|Any CPU
		{FDBAA993-375C-43F4-BCE3-1831AC2E48AA}.Debug|Any CPU.Build.0 = Debug|Any CPU
		{FDBAA993-375C-43F4-BCE3-1831AC2E48AA}.Release|Any CPU.ActiveCfg = Release|Any CPU
		{FDBAA993-375C-43F4-BCE3-1831AC2E48AA}.Release|Any CPU.Build.0 = Release|Any CPU
		{D72A9A4E-B99F-4641-B530-F2A83C3030F6}.Debug|Any CPU.ActiveCfg = Debug|Any CPU
		{D72A9A4E-B99F-4641-B530-F2A83C3030F6}.Debug|Any CPU.Build.0 = Debug|Any CPU
		{D72A9A4E-B99F-4641-B530-F2A83C3030F6}.Release|Any CPU.ActiveCfg = Release|Any CPU
		{D72A9A4E-B99F-4641-B530-F2A83C3030F6}.Release|Any CPU.Build.0 = Release|Any CPU
	EndGlobalSection
	GlobalSection(SolutionProperties) = preSolution
		HideSolutionNode = FALSE
	EndGlobalSection
	GlobalSection(ExtensibilityGlobals) = postSolution
		SolutionGuid = {B3727431-FA70-4AB2-86A8-0CE5854666D2}
	EndGlobalSection
EndGlobal
